// !$*UTF8*$!
{
	archiveVersion = 1;
	classes = {
	};
	objectVersion = 48;
	objects = {

/* Begin PBXBuildFile section */
		11BC95BA208D065F00AFA82B /* NewMealViewController.swift in Sources */ = {isa = PBXBuildFile; fileRef = 11BC95B9208D065F00AFA82B /* NewMealViewController.swift */; };
		11BC95BC208D6A6400AFA82B /* MealViewController.swift in Sources */ = {isa = PBXBuildFile; fileRef = 11BC95BB208D6A6400AFA82B /* MealViewController.swift */; };
		11C4C8F6206C5E0800E19BA1 /* AdjustCaloriesViewController.swift in Sources */ = {isa = PBXBuildFile; fileRef = 11C4C8F5206C5E0800E19BA1 /* AdjustCaloriesViewController.swift */; };
		11C85136208BAB24006D285B /* TrackWeightViewController.swift in Sources */ = {isa = PBXBuildFile; fileRef = 11C85135208BAB24006D285B /* TrackWeightViewController.swift */; };
		11C8515A208BAD9C006D285B /* TrackerModel.xcdatamodeld in Sources */ = {isa = PBXBuildFile; fileRef = 11C85158208BAD9C006D285B /* TrackerModel.xcdatamodeld */; };
		11C8515C208BE3B0006D285B /* TrackCaloriesViewController.swift in Sources */ = {isa = PBXBuildFile; fileRef = 11C8515B208BE3B0006D285B /* TrackCaloriesViewController.swift */; };
		11CC9565206A04BF005A0B74 /* MacCalViewController.swift in Sources */ = {isa = PBXBuildFile; fileRef = 11CC9564206A04BF005A0B74 /* MacCalViewController.swift */; };
		11CDE744206F3F0D00CE77AF /* TrackerSheet.swift in Sources */ = {isa = PBXBuildFile; fileRef = 11CDE743206F3F0D00CE77AF /* TrackerSheet.swift */; };
		11D33F53208B131600F81608 /* MealsTableViewController.swift in Sources */ = {isa = PBXBuildFile; fileRef = 11D33F52208B131600F81608 /* MealsTableViewController.swift */; };
		11D33F55208B152900F81608 /* MealCell.swift in Sources */ = {isa = PBXBuildFile; fileRef = 11D33F54208B152900F81608 /* MealCell.swift */; };
		11E4718F20676EA600145DAC /* AppDelegate.swift in Sources */ = {isa = PBXBuildFile; fileRef = 11E4718E20676EA600145DAC /* AppDelegate.swift */; };
		11E4719120676EA600145DAC /* ViewController.swift in Sources */ = {isa = PBXBuildFile; fileRef = 11E4719020676EA600145DAC /* ViewController.swift */; };
		11E4719420676EA600145DAC /* Main.storyboard in Resources */ = {isa = PBXBuildFile; fileRef = 11E4719220676EA600145DAC /* Main.storyboard */; };
		11E4719620676EA600145DAC /* Assets.xcassets in Resources */ = {isa = PBXBuildFile; fileRef = 11E4719520676EA600145DAC /* Assets.xcassets */; };
		11E4719920676EA600145DAC /* LaunchScreen.storyboard in Resources */ = {isa = PBXBuildFile; fileRef = 11E4719720676EA600145DAC /* LaunchScreen.storyboard */; };
/* End PBXBuildFile section */

/* Begin PBXFileReference section */
		11BC95B9208D065F00AFA82B /* NewMealViewController.swift */ = {isa = PBXFileReference; lastKnownFileType = sourcecode.swift; path = NewMealViewController.swift; sourceTree = "<group>"; };
		11BC95BB208D6A6400AFA82B /* MealViewController.swift */ = {isa = PBXFileReference; lastKnownFileType = sourcecode.swift; path = MealViewController.swift; sourceTree = "<group>"; };
		11C4C8F5206C5E0800E19BA1 /* AdjustCaloriesViewController.swift */ = {isa = PBXFileReference; lastKnownFileType = sourcecode.swift; path = AdjustCaloriesViewController.swift; sourceTree = "<group>"; };
		11C85135208BAB24006D285B /* TrackWeightViewController.swift */ = {isa = PBXFileReference; lastKnownFileType = sourcecode.swift; path = TrackWeightViewController.swift; sourceTree = "<group>"; };
		11C85159208BAD9C006D285B /* TrackerModel.xcdatamodel */ = {isa = PBXFileReference; lastKnownFileType = wrapper.xcdatamodel; path = TrackerModel.xcdatamodel; sourceTree = "<group>"; };
		11C8515B208BE3B0006D285B /* TrackCaloriesViewController.swift */ = {isa = PBXFileReference; lastKnownFileType = sourcecode.swift; path = TrackCaloriesViewController.swift; sourceTree = "<group>"; };
		11CC9564206A04BF005A0B74 /* MacCalViewController.swift */ = {isa = PBXFileReference; lastKnownFileType = sourcecode.swift; path = MacCalViewController.swift; sourceTree = "<group>"; };
		11CDE743206F3F0D00CE77AF /* TrackerSheet.swift */ = {isa = PBXFileReference; lastKnownFileType = sourcecode.swift; path = TrackerSheet.swift; sourceTree = "<group>"; };
		11D33F52208B131600F81608 /* MealsTableViewController.swift */ = {isa = PBXFileReference; lastKnownFileType = sourcecode.swift; path = MealsTableViewController.swift; sourceTree = "<group>"; };
		11D33F54208B152900F81608 /* MealCell.swift */ = {isa = PBXFileReference; lastKnownFileType = sourcecode.swift; path = MealCell.swift; sourceTree = "<group>"; };
		11E4718B20676EA600145DAC /* MaheinAsh_Final.app */ = {isa = PBXFileReference; explicitFileType = wrapper.application; includeInIndex = 0; path = MaheinAsh_Final.app; sourceTree = BUILT_PRODUCTS_DIR; };
		11E4718E20676EA600145DAC /* AppDelegate.swift */ = {isa = PBXFileReference; lastKnownFileType = sourcecode.swift; path = AppDelegate.swift; sourceTree = "<group>"; };
		11E4719020676EA600145DAC /* ViewController.swift */ = {isa = PBXFileReference; lastKnownFileType = sourcecode.swift; path = ViewController.swift; sourceTree = "<group>"; };
		11E4719320676EA600145DAC /* Base */ = {isa = PBXFileReference; lastKnownFileType = file.storyboard; name = Base; path = Base.lproj/Main.storyboard; sourceTree = "<group>"; };
		11E4719520676EA600145DAC /* Assets.xcassets */ = {isa = PBXFileReference; lastKnownFileType = folder.assetcatalog; path = Assets.xcassets; sourceTree = "<group>"; };
		11E4719820676EA600145DAC /* Base */ = {isa = PBXFileReference; lastKnownFileType = file.storyboard; name = Base; path = Base.lproj/LaunchScreen.storyboard; sourceTree = "<group>"; };
		11E4719A20676EA600145DAC /* Info.plist */ = {isa = PBXFileReference; lastKnownFileType = text.plist.xml; path = Info.plist; sourceTree = "<group>"; };
/* End PBXFileReference section */

/* Begin PBXFrameworksBuildPhase section */
		11E4718820676EA600145DAC /* Frameworks */ = {
			isa = PBXFrameworksBuildPhase;
			buildActionMask = 2147483647;
			files = (
			);
			runOnlyForDeploymentPostprocessing = 0;
		};
/* End PBXFrameworksBuildPhase section */

/* Begin PBXGroup section */
		11E4718220676EA600145DAC = {
			isa = PBXGroup;
			children = (
				11E4718D20676EA600145DAC /* MaheinAsh_Final */,
				11E4718C20676EA600145DAC /* Products */,
			);
			sourceTree = "<group>";
		};
		11E4718C20676EA600145DAC /* Products */ = {
			isa = PBXGroup;
			children = (
				11E4718B20676EA600145DAC /* MaheinAsh_Final.app */,
			);
			name = Products;
			sourceTree = "<group>";
		};
		11E4718D20676EA600145DAC /* MaheinAsh_Final */ = {
			isa = PBXGroup;
			children = (
				11CDE743206F3F0D00CE77AF /* TrackerSheet.swift */,
				11BC95BB208D6A6400AFA82B /* MealViewController.swift */,
				11BC95B9208D065F00AFA82B /* NewMealViewController.swift */,
				11E4718E20676EA600145DAC /* AppDelegate.swift */,
				11C85158208BAD9C006D285B /* TrackerModel.xcdatamodeld */,
				11E4719020676EA600145DAC /* ViewController.swift */,
				11C8515B208BE3B0006D285B /* TrackCaloriesViewController.swift */,
				11C4C8F5206C5E0800E19BA1 /* AdjustCaloriesViewController.swift */,
				11CC9564206A04BF005A0B74 /* MacCalViewController.swift */,
				11E4719220676EA600145DAC /* Main.storyboard */,
				11C85135208BAB24006D285B /* TrackWeightViewController.swift */,
				11D33F54208B152900F81608 /* MealCell.swift */,
				11D33F52208B131600F81608 /* MealsTableViewController.swift */,
				11E4719520676EA600145DAC /* Assets.xcassets */,
				11E4719720676EA600145DAC /* LaunchScreen.storyboard */,
				11E4719A20676EA600145DAC /* Info.plist */,
			);
			path = MaheinAsh_Final;
			sourceTree = "<group>";
		};
/* End PBXGroup section */

/* Begin PBXNativeTarget section */
		11E4718A20676EA600145DAC /* MaheinAsh_Final */ = {
			isa = PBXNativeTarget;
			buildConfigurationList = 11E4719D20676EA600145DAC /* Build configuration list for PBXNativeTarget "MaheinAsh_Final" */;
			buildPhases = (
				11E4718720676EA600145DAC /* Sources */,
				11E4718820676EA600145DAC /* Frameworks */,
				11E4718920676EA600145DAC /* Resources */,
			);
			buildRules = (
			);
			dependencies = (
			);
			name = MaheinAsh_Final;
			productName = MaheinAsh_Final;
			productReference = 11E4718B20676EA600145DAC /* MaheinAsh_Final.app */;
			productType = "com.apple.product-type.application";
		};
/* End PBXNativeTarget section */

/* Begin PBXProject section */
		11E4718320676EA600145DAC /* Project object */ = {
			isa = PBXProject;
			attributes = {
				LastSwiftUpdateCheck = 0920;
				LastUpgradeCheck = 0930;
				ORGANIZATIONNAME = "Ash Mahein";
				TargetAttributes = {
					11E4718A20676EA600145DAC = {
						CreatedOnToolsVersion = 9.2;
						ProvisioningStyle = Automatic;
					};
				};
			};
			buildConfigurationList = 11E4718620676EA600145DAC /* Build configuration list for PBXProject "MaheinAsh_Final" */;
			compatibilityVersion = "Xcode 8.0";
			developmentRegion = en;
			hasScannedForEncodings = 0;
			knownRegions = (
				en,
				Base,
			);
			mainGroup = 11E4718220676EA600145DAC;
			productRefGroup = 11E4718C20676EA600145DAC /* Products */;
			projectDirPath = "";
			projectRoot = "";
			targets = (
				11E4718A20676EA600145DAC /* MaheinAsh_Final */,
			);
		};
/* End PBXProject section */

/* Begin PBXResourcesBuildPhase section */
		11E4718920676EA600145DAC /* Resources */ = {
			isa = PBXResourcesBuildPhase;
			buildActionMask = 2147483647;
			files = (
				11E4719920676EA600145DAC /* LaunchScreen.storyboard in Resources */,
				11E4719620676EA600145DAC /* Assets.xcassets in Resources */,
				11E4719420676EA600145DAC /* Main.storyboard in Resources */,
			);
			runOnlyForDeploymentPostprocessing = 0;
		};
/* End PBXResourcesBuildPhase section */

/* Begin PBXSourcesBuildPhase section */
		11E4718720676EA600145DAC /* Sources */ = {
			isa = PBXSourcesBuildPhase;
			buildActionMask = 2147483647;
			files = (
				11BC95BA208D065F00AFA82B /* NewMealViewController.swift in Sources */,
				11E4719120676EA600145DAC /* ViewController.swift in Sources */,
				11C4C8F6206C5E0800E19BA1 /* AdjustCaloriesViewController.swift in Sources */,
				11CDE744206F3F0D00CE77AF /* TrackerSheet.swift in Sources */,
				11D33F55208B152900F81608 /* MealCell.swift in Sources */,
				11BC95BC208D6A6400AFA82B /* MealViewController.swift in Sources */,
				11C8515C208BE3B0006D285B /* TrackCaloriesViewController.swift in Sources */,
				11D33F53208B131600F81608 /* MealsTableViewController.swift in Sources */,
				11C8515A208BAD9C006D285B /* TrackerModel.xcdatamodeld in Sources */,
				11CC9565206A04BF005A0B74 /* MacCalViewController.swift in Sources */,
				11C85136208BAB24006D285B /* TrackWeightViewController.swift in Sources */,
				11E4718F20676EA600145DAC /* AppDelegate.swift in Sources */,
			);
			runOnlyForDeploymentPostprocessing = 0;
		};
/* End PBXSourcesBuildPhase section */

/* Begin PBXVariantGroup section */
		11E4719220676EA600145DAC /* Main.storyboard */ = {
			isa = PBXVariantGroup;
			children = (
				11E4719320676EA600145DAC /* Base */,
			);
			name = Main.storyboard;
			sourceTree = "<group>";
		};
		11E4719720676EA600145DAC /* LaunchScreen.storyboard */ = {
			isa = PBXVariantGroup;
			children = (
				11E4719820676EA600145DAC /* Base */,
			);
			name = LaunchScreen.storyboard;
			sourceTree = "<group>";
		};
/* End PBXVariantGroup section */

/* Begin XCBuildConfiguration section */
		11E4719B20676EA600145DAC /* Debug */ = {
			isa = XCBuildConfiguration;
			buildSettings = {
				ALWAYS_SEARCH_USER_PATHS = NO;
				CLANG_ANALYZER_NONNULL = YES;
				CLANG_ANALYZER_NUMBER_OBJECT_CONVERSION = YES_AGGRESSIVE;
				CLANG_CXX_LANGUAGE_STANDARD = "gnu++14";
				CLANG_CXX_LIBRARY = "libc++";
				CLANG_ENABLE_MODULES = YES;
				CLANG_ENABLE_OBJC_ARC = YES;
				CLANG_WARN_BLOCK_CAPTURE_AUTORELEASING = YES;
				CLANG_WARN_BOOL_CONVERSION = YES;
				CLANG_WARN_COMMA = YES;
				CLANG_WARN_CONSTANT_CONVERSION = YES;
				CLANG_WARN_DEPRECATED_OBJC_IMPLEMENTATIONS = YES;
				CLANG_WARN_DIRECT_OBJC_ISA_USAGE = YES_ERROR;
				CLANG_WARN_DOCUMENTATION_COMMENTS = YES;
				CLANG_WARN_EMPTY_BODY = YES;
				CLANG_WARN_ENUM_CONVERSION = YES;
				CLANG_WARN_INFINITE_RECURSION = YES;
				CLANG_WARN_INT_CONVERSION = YES;
				CLANG_WARN_NON_LITERAL_NULL_CONVERSION = YES;
				CLANG_WARN_OBJC_IMPLICIT_RETAIN_SELF = YES;
				CLANG_WARN_OBJC_LITERAL_CONVERSION = YES;
				CLANG_WARN_OBJC_ROOT_CLASS = YES_ERROR;
				CLANG_WARN_RANGE_LOOP_ANALYSIS = YES;
				CLANG_WARN_STRICT_PROTOTYPES = YES;
				CLANG_WARN_SUSPICIOUS_MOVE = YES;
				CLANG_WARN_UNGUARDED_AVAILABILITY = YES_AGGRESSIVE;
				CLANG_WARN_UNREACHABLE_CODE = YES;
				CLANG_WARN__DUPLICATE_METHOD_MATCH = YES;
				CODE_SIGN_IDENTITY = "iPhone Developer";
				COPY_PHASE_STRIP = NO;
				DEBUG_INFORMATION_FORMAT = dwarf;
				ENABLE_STRICT_OBJC_MSGSEND = YES;
				ENABLE_TESTABILITY = YES;
				GCC_C_LANGUAGE_STANDARD = gnu11;
				GCC_DYNAMIC_NO_PIC = NO;
				GCC_NO_COMMON_BLOCKS = YES;
				GCC_OPTIMIZATION_LEVEL = 0;
				GCC_PREPROCESSOR_DEFINITIONS = (
					"DEBUG=1",
					"$(inherited)",
				);
				GCC_WARN_64_TO_32_BIT_CONVERSION = YES;
				GCC_WARN_ABOUT_RETURN_TYPE = YES_ERROR;
				GCC_WARN_UNDECLARED_SELECTOR = YES;
				GCC_WARN_UNINITIALIZED_AUTOS = YES_AGGRESSIVE;
				GCC_WARN_UNUSED_FUNCTION = YES;
				GCC_WARN_UNUSED_VARIABLE = YES;
				IPHONEOS_DEPLOYMENT_TARGET = 11.2;
				MTL_ENABLE_DEBUG_INFO = YES;
				ONLY_ACTIVE_ARCH = YES;
				SDKROOT = iphoneos;
				SWIFT_ACTIVE_COMPILATION_CONDITIONS = DEBUG;
				SWIFT_OPTIMIZATION_LEVEL = "-Onone";
			};
			name = Debug;
		};
		11E4719C20676EA600145DAC /* Release */ = {
			isa = XCBuildConfiguration;
			buildSettings = {
				ALWAYS_SEARCH_USER_PATHS = NO;
				CLANG_ANALYZER_NONNULL = YES;
				CLANG_ANALYZER_NUMBER_OBJECT_CONVERSION = YES_AGGRESSIVE;
				CLANG_CXX_LANGUAGE_STANDARD = "gnu++14";
				CLANG_CXX_LIBRARY = "libc++";
				CLANG_ENABLE_MODULES = YES;
				CLANG_ENABLE_OBJC_ARC = YES;
				CLANG_WARN_BLOCK_CAPTURE_AUTORELEASING = YES;
				CLANG_WARN_BOOL_CONVERSION = YES;
				CLANG_WARN_COMMA = YES;
				CLANG_WARN_CONSTANT_CONVERSION = YES;
				CLANG_WARN_DEPRECATED_OBJC_IMPLEMENTATIONS = YES;
				CLANG_WARN_DIRECT_OBJC_ISA_USAGE = YES_ERROR;
				CLANG_WARN_DOCUMENTATION_COMMENTS = YES;
				CLANG_WARN_EMPTY_BODY = YES;
				CLANG_WARN_ENUM_CONVERSION = YES;
				CLANG_WARN_INFINITE_RECURSION = YES;
				CLANG_WARN_INT_CONVERSION = YES;
				CLANG_WARN_NON_LITERAL_NULL_CONVERSION = YES;
				CLANG_WARN_OBJC_IMPLICIT_RETAIN_SELF = YES;
				CLANG_WARN_OBJC_LITERAL_CONVERSION = YES;
				CLANG_WARN_OBJC_ROOT_CLASS = YES_ERROR;
				CLANG_WARN_RANGE_LOOP_ANALYSIS = YES;
				CLANG_WARN_STRICT_PROTOTYPES = YES;
				CLANG_WARN_SUSPICIOUS_MOVE = YES;
				CLANG_WARN_UNGUARDED_AVAILABILITY = YES_AGGRESSIVE;
				CLANG_WARN_UNREACHABLE_CODE = YES;
				CLANG_WARN__DUPLICATE_METHOD_MATCH = YES;
				CODE_SIGN_IDENTITY = "iPhone Developer";
				COPY_PHASE_STRIP = NO;
				DEBUG_INFORMATION_FORMAT = "dwarf-with-dsym";
				ENABLE_NS_ASSERTIONS = NO;
				ENABLE_STRICT_OBJC_MSGSEND = YES;
				GCC_C_LANGUAGE_STANDARD = gnu11;
				GCC_NO_COMMON_BLOCKS = YES;
				GCC_WARN_64_TO_32_BIT_CONVERSION = YES;
				GCC_WARN_ABOUT_RETURN_TYPE = YES_ERROR;
				GCC_WARN_UNDECLARED_SELECTOR = YES;
				GCC_WARN_UNINITIALIZED_AUTOS = YES_AGGRESSIVE;
				GCC_WARN_UNUSED_FUNCTION = YES;
				GCC_WARN_UNUSED_VARIABLE = YES;
				IPHONEOS_DEPLOYMENT_TARGET = 11.2;
				MTL_ENABLE_DEBUG_INFO = NO;
				SDKROOT = iphoneos;
				SWIFT_OPTIMIZATION_LEVEL = "-Owholemodule";
				VALIDATE_PRODUCT = YES;
			};
			name = Release;
		};
		11E4719E20676EA600145DAC /* Debug */ = {
			isa = XCBuildConfiguration;
			buildSettings = {
				ASSETCATALOG_COMPILER_APPICON_NAME = AppIcon;
				CODE_SIGN_STYLE = Automatic;
				DEVELOPMENT_TEAM = RYQ44B8S67;
				INFOPLIST_FILE = MaheinAsh_Final/Info.plist;
				LD_RUNPATH_SEARCH_PATHS = "$(inherited) @executable_path/Frameworks";
				PRODUCT_BUNDLE_IDENTIFIER = "com.ashmahein.MaheinAsh-Final";
				PRODUCT_NAME = "$(TARGET_NAME)";
				SWIFT_VERSION = 4.0;
				TARGETED_DEVICE_FAMILY = "1,2";
			};
			name = Debug;
		};
		11E4719F20676EA600145DAC /* Release */ = {
			isa = XCBuildConfiguration;
			buildSettings = {
				ASSETCATALOG_COMPILER_APPICON_NAME = AppIcon;
				CODE_SIGN_STYLE = Automatic;
				DEVELOPMENT_TEAM = RYQ44B8S67;
				INFOPLIST_FILE = MaheinAsh_Final/Info.plist;
				LD_RUNPATH_SEARCH_PATHS = "$(inherited) @executable_path/Frameworks";
				PRODUCT_BUNDLE_IDENTIFIER = "com.ashmahein.MaheinAsh-Final";
				PRODUCT_NAME = "$(TARGET_NAME)";
				SWIFT_VERSION = 4.0;
				TARGETED_DEVICE_FAMILY = "1,2";
			};
			name = Release;
		};
/* End XCBuildConfiguration section */

/* Begin XCConfigurationList section */
		11E4718620676EA600145DAC /* Build configuration list for PBXProject "MaheinAsh_Final" */ = {
			isa = XCConfigurationList;
			buildConfigurations = (
				11E4719B20676EA600145DAC /* Debug */,
				11E4719C20676EA600145DAC /* Release */,
			);
			defaultConfigurationIsVisible = 0;
			defaultConfigurationName = Release;
		};
		11E4719D20676EA600145DAC /* Build configuration list for PBXNativeTarget "MaheinAsh_Final" */ = {
			isa = XCConfigurationList;
			buildConfigurations = (
				11E4719E20676EA600145DAC /* Debug */,
				11E4719F20676EA600145DAC /* Release */,
			);
			defaultConfigurationIsVisible = 0;
			defaultConfigurationName = Release;
		};
/* End XCConfigurationList section */

/* Begin XCVersionGroup section */
		11C85158208BAD9C006D285B /* TrackerModel.xcdatamodeld */ = {
			isa = XCVersionGroup;
			children = (
				11C85159208BAD9C006D285B /* TrackerModel.xcdatamodel */,
			);
			currentVersion = 11C85159208BAD9C006D285B /* TrackerModel.xcdatamodel */;
			path = TrackerModel.xcdatamodeld;
			sourceTree = "<group>";
			versionGroupType = wrapper.xcdatamodel;
		};
/* End XCVersionGroup section */
	};
	rootObject = 11E4718320676EA600145DAC /* Project object */;
}
